
Microsoft Visual Studio Solution File, Format Version 12.00
# Visual Studio Version 16
VisualStudioVersion = 16.0.31112.23
MinimumVisualStudioVersion = 10.0.40219.1
Project("{FAE04EC0-301F-11D3-BF4B-00C04F79EFBC}") = "可视化编程实验1-2", "可视化编程实验1-2\可视化编程实验1-2.csproj", "{1A43813B-0A32-422B-A88B-B6BD9B7475B8}"
EndProject
Global
	GlobalSection(SolutionConfigurationPlatforms) = preSolution
		Debug|Any CPU = Debug|Any CPU
		Release|Any CPU = Release|Any CPU
	EndGlobalSection
	GlobalSection(ProjectConfigurationPlatforms) = postSolution
		{1A43813B-0A32-422B-A88B-B6BD9B7475B8}.Debug|Any CPU.ActiveCfg = Debug|Any CPU
		{1A43813B-0A32-422B-A88B-B6BD9B7475B8}.Debug|Any CPU.Build.0 = Debug|Any CPU
		{1A43813B-0A32-422B-A88B-B6BD9B7475B8}.Release|Any CPU.ActiveCfg = Release|Any CPU
		{1A43813B-0A32-422B-A88B-B6BD9B7475B8}.Release|Any CPU.Build.0 = Release|Any CPU
	EndGlobalSection
	GlobalSection(SolutionProperties) = preSolution
		HideSolutionNode = FALSE
	EndGlobalSection
	GlobalSection(ExtensibilityGlobals) = postSolution
		SolutionGuid = {5A4EFE32-AA4B-4E27-80E9-19667D61DC7E}
	EndGlobalSection
EndGlobal
