
Microsoft Visual Studio Solution File, Format Version 12.00
# Visual Studio 15
VisualStudioVersion = 15.0.28307.1259
MinimumVisualStudioVersion = 10.0.40219.1
Project("{8BC9CEB8-8B4A-11D0-8D11-00A0C91BC942}") = "Project1", "Project1\Project1.vcxproj", "{7D855A0C-0442-4ECB-B565-23C39EA70CB1}"
EndProject
Global
	GlobalSection(SolutionConfigurationPlatforms) = preSolution
		Debug|x64 = Debug|x64
		Debug|x86 = Debug|x86
		Release|x64 = Release|x64
		Release|x86 = Release|x86
	EndGlobalSection
	GlobalSection(ProjectConfigurationPlatforms) = postSolution
		{7D855A0C-0442-4ECB-B565-23C39EA70CB1}.Debug|x64.ActiveCfg = Debug|x64
		{7D855A0C-0442-4ECB-B565-23C39EA70CB1}.Debug|x64.Build.0 = Debug|x64
		{7D855A0C-0442-4ECB-B565-23C39EA70CB1}.Debug|x86.ActiveCfg = Debug|Win32
		{7D855A0C-0442-4ECB-B565-23C39EA70CB1}.Debug|x86.Build.0 = Debug|Win32
		{7D855A0C-0442-4ECB-B565-23C39EA70CB1}.Release|x64.ActiveCfg = Release|x64
		{7D855A0C-0442-4ECB-B565-23C39EA70CB1}.Release|x64.Build.0 = Release|x64
		{7D855A0C-0442-4ECB-B565-23C39EA70CB1}.Release|x86.ActiveCfg = Release|Win32
		{7D855A0C-0442-4ECB-B565-23C39EA70CB1}.Release|x86.Build.0 = Release|Win32
	EndGlobalSection
	GlobalSection(SolutionProperties) = preSolution
		HideSolutionNode = FALSE
	EndGlobalSection
	GlobalSection(ExtensibilityGlobals) = postSolution
		SolutionGuid = {DAFD4039-9EEC-441B-9EF2-4A05D0487B1C}
	EndGlobalSection
EndGlobal
